
Microsoft Visual Studio Solution File, Format Version 12.00
# Visual Studio Version 17
VisualStudioVersion = 17.14.36518.9 d17.14
MinimumVisualStudioVersion = 10.0.40219.1
Project("{FAE04EC0-301F-11D3-BF4B-00C04F79EFBC}") = "GiaoDien", "GiaoDien.csproj", "{EA9B3CC9-DF4F-4C55-BD1B-8595AC7D52F2}"
EndProject
Global
	GlobalSection(SolutionConfigurationPlatforms) = preSolution
		Debug|Any CPU = Debug|Any CPU
		Release|Any CPU = Release|Any CPU
	EndGlobalSection
	GlobalSection(ProjectConfigurationPlatforms) = postSolution
		{EA9B3CC9-DF4F-4C55-BD1B-8595AC7D52F2}.Debug|Any CPU.ActiveCfg = Debug|Any CPU
		{EA9B3CC9-DF4F-4C55-BD1B-8595AC7D52F2}.Debug|Any CPU.Build.0 = Debug|Any CPU
		{EA9B3CC9-DF4F-4C55-BD1B-8595AC7D52F2}.Release|Any CPU.ActiveCfg = Release|Any CPU
		{EA9B3CC9-DF4F-4C55-BD1B-8595AC7D52F2}.Release|Any CPU.Build.0 = Release|Any CPU
	EndGlobalSection
	GlobalSection(SolutionProperties) = preSolution
		HideSolutionNode = FALSE
	EndGlobalSection
	GlobalSection(ExtensibilityGlobals) = postSolution
		SolutionGuid = {4A7A699D-8FEB-4E26-BF8F-8382CCF9C38B}
	EndGlobalSection
EndGlobal
