
Microsoft Visual Studio Solution File, Format Version 12.00
# Visual Studio Version 17
VisualStudioVersion = 17.9.34714.143
MinimumVisualStudioVersion = 10.0.40219.1
Project("{9A19103F-16F7-4668-BE54-9A1E7A4F7556}") = "BTVN1-Nhom6-NT106.Q12", "BTVN1-Nhom6-NT106.Q12.csproj", "{93B79F37-0EF6-4844-A62A-F29042B41AC5}"
EndProject
Global
	GlobalSection(SolutionConfigurationPlatforms) = preSolution
		Debug|Any CPU = Debug|Any CPU
		Release|Any CPU = Release|Any CPU
	EndGlobalSection
	GlobalSection(ProjectConfigurationPlatforms) = postSolution
		{93B79F37-0EF6-4844-A62A-F29042B41AC5}.Debug|Any CPU.ActiveCfg = Debug|Any CPU
		{93B79F37-0EF6-4844-A62A-F29042B41AC5}.Debug|Any CPU.Build.0 = Debug|Any CPU
		{93B79F37-0EF6-4844-A62A-F29042B41AC5}.Release|Any CPU.ActiveCfg = Release|Any CPU
		{93B79F37-0EF6-4844-A62A-F29042B41AC5}.Release|Any CPU.Build.0 = Release|Any CPU
	EndGlobalSection
	GlobalSection(SolutionProperties) = preSolution
		HideSolutionNode = FALSE
	EndGlobalSection
	GlobalSection(ExtensibilityGlobals) = postSolution
		SolutionGuid = {2AC77044-43B6-4F3F-A4DE-0F55E0D037B5}
	EndGlobalSection
EndGlobal
